
Microsoft Visual Studio Solution File, Format Version 12.00
# Visual Studio Version 17
VisualStudioVersion = 17.14.36414.22 d17.14
MinimumVisualStudioVersion = 10.0.40219.1
Project("{FAE04EC0-301F-11D3-BF4B-00C04F79EFBC}") = "StudentApi", "StudentApi\StudentApi.csproj", "{9100206F-890A-412B-9851-FD3BA8F61B3C}"
EndProject
Global
	GlobalSection(SolutionConfigurationPlatforms) = preSolution
		Debug|Any CPU = Debug|Any CPU
		Release|Any CPU = Release|Any CPU
	EndGlobalSection
	GlobalSection(ProjectConfigurationPlatforms) = postSolution
		{9100206F-890A-412B-9851-FD3BA8F61B3C}.Debug|Any CPU.ActiveCfg = Debug|Any CPU
		{9100206F-890A-412B-9851-FD3BA8F61B3C}.Debug|Any CPU.Build.0 = Debug|Any CPU
		{9100206F-890A-412B-9851-FD3BA8F61B3C}.Release|Any CPU.ActiveCfg = Release|Any CPU
		{9100206F-890A-412B-9851-FD3BA8F61B3C}.Release|Any CPU.Build.0 = Release|Any CPU
	EndGlobalSection
	GlobalSection(SolutionProperties) = preSolution
		HideSolutionNode = FALSE
	EndGlobalSection
	GlobalSection(ExtensibilityGlobals) = postSolution
		SolutionGuid = {1B1621A6-53B2-491F-ACD7-3FCDE3D6B409}
	EndGlobalSection
EndGlobal
